
Microsoft Visual Studio Solution File, Format Version 12.00
# Visual Studio Version 16
VisualStudioVersion = 16.0.30128.74
MinimumVisualStudioVersion = 10.0.40219.1
Project("{FAE04EC0-301F-11D3-BF4B-00C04F79EFBC}") = "MonoAotLlvm", "MonoAotLlvm.csproj", "{637D2A2F-705F-4244-BF3A-4E65459F501D}"
EndProject
Global
	GlobalSection(SolutionConfigurationPlatforms) = preSolution
		AOT + LLVM|ARM = AOT + LLVM|ARM
		AOT + LLVM|ARM64 = AOT + LLVM|ARM64
		AOT + LLVM|x86 = AOT + LLVM|x86
		AOT + LLVM|x86_64 = AOT + LLVM|x86_64
		AOT Only|ARM = AOT Only|ARM
		AOT Only|ARM64 = AOT Only|ARM64
		AOT Only|x86 = AOT Only|x86
		AOT Only|x86_64 = AOT Only|x86_64
	EndGlobalSection
	GlobalSection(ProjectConfigurationPlatforms) = postSolution
		{637D2A2F-705F-4244-BF3A-4E65459F501D}.AOT + LLVM|ARM.ActiveCfg = AOT + LLVM|ARM
		{637D2A2F-705F-4244-BF3A-4E65459F501D}.AOT + LLVM|ARM.Build.0 = AOT + LLVM|ARM
		{637D2A2F-705F-4244-BF3A-4E65459F501D}.AOT + LLVM|ARM.Deploy.0 = AOT + LLVM|ARM
		{637D2A2F-705F-4244-BF3A-4E65459F501D}.AOT + LLVM|ARM64.ActiveCfg = AOT + LLVM|ARM64
		{637D2A2F-705F-4244-BF3A-4E65459F501D}.AOT + LLVM|ARM64.Build.0 = AOT + LLVM|ARM64
		{637D2A2F-705F-4244-BF3A-4E65459F501D}.AOT + LLVM|ARM64.Deploy.0 = AOT + LLVM|ARM64
		{637D2A2F-705F-4244-BF3A-4E65459F501D}.AOT + LLVM|x86.ActiveCfg = AOT + LLVM|x86
		{637D2A2F-705F-4244-BF3A-4E65459F501D}.AOT + LLVM|x86.Build.0 = AOT + LLVM|x86
		{637D2A2F-705F-4244-BF3A-4E65459F501D}.AOT + LLVM|x86.Deploy.0 = AOT + LLVM|x86
		{637D2A2F-705F-4244-BF3A-4E65459F501D}.AOT + LLVM|x86_64.ActiveCfg = AOT + LLVM|x86_64
		{637D2A2F-705F-4244-BF3A-4E65459F501D}.AOT + LLVM|x86_64.Build.0 = AOT + LLVM|x86_64
		{637D2A2F-705F-4244-BF3A-4E65459F501D}.AOT + LLVM|x86_64.Deploy.0 = AOT + LLVM|x86_64
		{637D2A2F-705F-4244-BF3A-4E65459F501D}.AOT Only|ARM.ActiveCfg = AOT Only|ARM
		{637D2A2F-705F-4244-BF3A-4E65459F501D}.AOT Only|ARM.Build.0 = AOT Only|ARM
		{637D2A2F-705F-4244-BF3A-4E65459F501D}.AOT Only|ARM.Deploy.0 = AOT Only|ARM
		{637D2A2F-705F-4244-BF3A-4E65459F501D}.AOT Only|ARM64.ActiveCfg = AOT Only|ARM64
		{637D2A2F-705F-4244-BF3A-4E65459F501D}.AOT Only|ARM64.Build.0 = AOT Only|ARM64
		{637D2A2F-705F-4244-BF3A-4E65459F501D}.AOT Only|ARM64.Deploy.0 = AOT Only|ARM64
		{637D2A2F-705F-4244-BF3A-4E65459F501D}.AOT Only|x86.ActiveCfg = AOT Only|x86
		{637D2A2F-705F-4244-BF3A-4E65459F501D}.AOT Only|x86.Build.0 = AOT Only|x86
		{637D2A2F-705F-4244-BF3A-4E65459F501D}.AOT Only|x86.Deploy.0 = AOT Only|x86
		{637D2A2F-705F-4244-BF3A-4E65459F501D}.AOT Only|x86_64.ActiveCfg = AOT Only|x86_64
		{637D2A2F-705F-4244-BF3A-4E65459F501D}.AOT Only|x86_64.Build.0 = AOT Only|x86_64
		{637D2A2F-705F-4244-BF3A-4E65459F501D}.AOT Only|x86_64.Deploy.0 = AOT Only|x86_64
	EndGlobalSection
	GlobalSection(SolutionProperties) = preSolution
		HideSolutionNode = FALSE
	EndGlobalSection
	GlobalSection(ExtensibilityGlobals) = postSolution
		SolutionGuid = {437366BD-55E1-4864-B101-F433E958774F}
	EndGlobalSection
EndGlobal
